
Microsoft Visual Studio Solution File, Format Version 12.00
# Visual Studio 15
VisualStudioVersion = 15.0.28307.421
MinimumVisualStudioVersion = 10.0.40219.1
Project("{FAE04EC0-301F-11D3-BF4B-00C04F79EFBC}") = "DietCreator.Android", "DietCreator\DietCreator.Android\DietCreator.Android.csproj", "{389D57B1-85A5-40E9-BE72-B426374FBCEA}"
EndProject
Project("{FAE04EC0-301F-11D3-BF4B-00C04F79EFBC}") = "DietCreator.iOS", "DietCreator\DietCreator.iOS\DietCreator.iOS.csproj", "{AE2F155D-BF5B-4245-9212-B8FE208178B0}"
EndProject
Project("{FAE04EC0-301F-11D3-BF4B-00C04F79EFBC}") = "DietCreator.UWP", "DietCreator\DietCreator.UWP\DietCreator.UWP.csproj", "{9FBA47B3-B87F-4244-A1E4-3ED5AC6F0BA0}"
EndProject
Project("{FAE04EC0-301F-11D3-BF4B-00C04F79EFBC}") = "DietCreator", "DietCreator\DietCreator\DietCreator.csproj", "{89F31662-14C2-4A29-B481-B70754FB9BE5}"
EndProject
Project("{FAE04EC0-301F-11D3-BF4B-00C04F79EFBC}") = "FoodLibrary", "FoodLibrary\FoodLibrary.csproj", "{EF837932-9B70-40D7-B73A-92A002471E1D}"
EndProject
Global
	GlobalSection(SolutionConfigurationPlatforms) = preSolution
		Ad-Hoc|Any CPU = Ad-Hoc|Any CPU
		Ad-Hoc|ARM = Ad-Hoc|ARM
		Ad-Hoc|iPhone = Ad-Hoc|iPhone
		Ad-Hoc|iPhoneSimulator = Ad-Hoc|iPhoneSimulator
		Ad-Hoc|x64 = Ad-Hoc|x64
		Ad-Hoc|x86 = Ad-Hoc|x86
		AppStore|Any CPU = AppStore|Any CPU
		AppStore|ARM = AppStore|ARM
		AppStore|iPhone = AppStore|iPhone
		AppStore|iPhoneSimulator = AppStore|iPhoneSimulator
		AppStore|x64 = AppStore|x64
		AppStore|x86 = AppStore|x86
		Debug|Any CPU = Debug|Any CPU
		Debug|ARM = Debug|ARM
		Debug|iPhone = Debug|iPhone
		Debug|iPhoneSimulator = Debug|iPhoneSimulator
		Debug|x64 = Debug|x64
		Debug|x86 = Debug|x86
		Release|Any CPU = Release|Any CPU
		Release|ARM = Release|ARM
		Release|iPhone = Release|iPhone
		Release|iPhoneSimulator = Release|iPhoneSimulator
		Release|x64 = Release|x64
		Release|x86 = Release|x86
	EndGlobalSection
	GlobalSection(ProjectConfigurationPlatforms) = postSolution
		{389D57B1-85A5-40E9-BE72-B426374FBCEA}.Ad-Hoc|Any CPU.ActiveCfg = Release|Any CPU
		{389D57B1-85A5-40E9-BE72-B426374FBCEA}.Ad-Hoc|Any CPU.Build.0 = Release|Any CPU
		{389D57B1-85A5-40E9-BE72-B426374FBCEA}.Ad-Hoc|Any CPU.Deploy.0 = Release|Any CPU
		{389D57B1-85A5-40E9-BE72-B426374FBCEA}.Ad-Hoc|ARM.ActiveCfg = Release|Any CPU
		{389D57B1-85A5-40E9-BE72-B426374FBCEA}.Ad-Hoc|ARM.Build.0 = Release|Any CPU
		{389D57B1-85A5-40E9-BE72-B426374FBCEA}.Ad-Hoc|ARM.Deploy.0 = Release|Any CPU
		{389D57B1-85A5-40E9-BE72-B426374FBCEA}.Ad-Hoc|iPhone.ActiveCfg = Release|Any CPU
		{389D57B1-85A5-40E9-BE72-B426374FBCEA}.Ad-Hoc|iPhone.Build.0 = Release|Any CPU
		{389D57B1-85A5-40E9-BE72-B426374FBCEA}.Ad-Hoc|iPhone.Deploy.0 = Release|Any CPU
		{389D57B1-85A5-40E9-BE72-B426374FBCEA}.Ad-Hoc|iPhoneSimulator.ActiveCfg = Release|Any CPU
		{389D57B1-85A5-40E9-BE72-B426374FBCEA}.Ad-Hoc|iPhoneSimulator.Build.0 = Release|Any CPU
		{389D57B1-85A5-40E9-BE72-B426374FBCEA}.Ad-Hoc|iPhoneSimulator.Deploy.0 = Release|Any CPU
		{389D57B1-85A5-40E9-BE72-B426374FBCEA}.Ad-Hoc|x64.ActiveCfg = Release|Any CPU
		{389D57B1-85A5-40E9-BE72-B426374FBCEA}.Ad-Hoc|x64.Build.0 = Release|Any CPU
		{389D57B1-85A5-40E9-BE72-B426374FBCEA}.Ad-Hoc|x64.Deploy.0 = Release|Any CPU
		{389D57B1-85A5-40E9-BE72-B426374FBCEA}.Ad-Hoc|x86.ActiveCfg = Release|Any CPU
		{389D57B1-85A5-40E9-BE72-B426374FBCEA}.Ad-Hoc|x86.Build.0 = Release|Any CPU
		{389D57B1-85A5-40E9-BE72-B426374FBCEA}.Ad-Hoc|x86.Deploy.0 = Release|Any CPU
		{389D57B1-85A5-40E9-BE72-B426374FBCEA}.AppStore|Any CPU.ActiveCfg = Release|Any CPU
		{389D57B1-85A5-40E9-BE72-B426374FBCEA}.AppStore|Any CPU.Build.0 = Release|Any CPU
		{389D57B1-85A5-40E9-BE72-B426374FBCEA}.AppStore|Any CPU.Deploy.0 = Release|Any CPU
		{389D57B1-85A5-40E9-BE72-B426374FBCEA}.AppStore|ARM.ActiveCfg = Release|Any CPU
		{389D57B1-85A5-40E9-BE72-B426374FBCEA}.AppStore|ARM.Build.0 = Release|Any CPU
		{389D57B1-85A5-40E9-BE72-B426374FBCEA}.AppStore|ARM.Deploy.0 = Release|Any CPU
		{389D57B1-85A5-40E9-BE72-B426374FBCEA}.AppStore|iPhone.ActiveCfg = Release|Any CPU
		{389D57B1-85A5-40E9-BE72-B426374FBCEA}.AppStore|iPhone.Build.0 = Release|Any CPU
		{389D57B1-85A5-40E9-BE72-B426374FBCEA}.AppStore|iPhone.Deploy.0 = Release|Any CPU
		{389D57B1-85A5-40E9-BE72-B426374FBCEA}.AppStore|iPhoneSimulator.ActiveCfg = Release|Any CPU
		{389D57B1-85A5-40E9-BE72-B426374FBCEA}.AppStore|iPhoneSimulator.Build.0 = Release|Any CPU
		{389D57B1-85A5-40E9-BE72-B426374FBCEA}.AppStore|iPhoneSimulator.Deploy.0 = Release|Any CPU
		{389D57B1-85A5-40E9-BE72-B426374FBCEA}.AppStore|x64.ActiveCfg = Release|Any CPU
		{389D57B1-85A5-40E9-BE72-B426374FBCEA}.AppStore|x64.Build.0 = Release|Any CPU
		{389D57B1-85A5-40E9-BE72-B426374FBCEA}.AppStore|x64.Deploy.0 = Release|Any CPU
		{389D57B1-85A5-40E9-BE72-B426374FBCEA}.AppStore|x86.ActiveCfg = Release|Any CPU
		{389D57B1-85A5-40E9-BE72-B426374FBCEA}.AppStore|x86.Build.0 = Release|Any CPU
		{389D57B1-85A5-40E9-BE72-B426374FBCEA}.AppStore|x86.Deploy.0 = Release|Any CPU
		{389D57B1-85A5-40E9-BE72-B426374FBCEA}.Debug|Any CPU.ActiveCfg = Debug|Any CPU
		{389D57B1-85A5-40E9-BE72-B426374FBCEA}.Debug|Any CPU.Build.0 = Debug|Any CPU
		{389D57B1-85A5-40E9-BE72-B426374FBCEA}.Debug|Any CPU.Deploy.0 = Debug|Any CPU
		{389D57B1-85A5-40E9-BE72-B426374FBCEA}.Debug|ARM.ActiveCfg = Debug|Any CPU
		{389D57B1-85A5-40E9-BE72-B426374FBCEA}.Debug|ARM.Build.0 = Debug|Any CPU
		{389D57B1-85A5-40E9-BE72-B426374FBCEA}.Debug|ARM.Deploy.0 = Debug|Any CPU
		{389D57B1-85A5-40E9-BE72-B426374FBCEA}.Debug|iPhone.ActiveCfg = Debug|Any CPU
		{389D57B1-85A5-40E9-BE72-B426374FBCEA}.Debug|iPhone.Build.0 = Debug|Any CPU
		{389D57B1-85A5-40E9-BE72-B426374FBCEA}.Debug|iPhone.Deploy.0 = Debug|Any CPU
		{389D57B1-85A5-40E9-BE72-B426374FBCEA}.Debug|iPhoneSimulator.ActiveCfg = Debug|Any CPU
		{389D57B1-85A5-40E9-BE72-B426374FBCEA}.Debug|iPhoneSimulator.Build.0 = Debug|Any CPU
		{389D57B1-85A5-40E9-BE72-B426374FBCEA}.Debug|iPhoneSimulator.Deploy.0 = Debug|Any CPU
		{389D57B1-85A5-40E9-BE72-B426374FBCEA}.Debug|x64.ActiveCfg = Debug|Any CPU
		{389D57B1-85A5-40E9-BE72-B426374FBCEA}.Debug|x64.Build.0 = Debug|Any CPU
		{389D57B1-85A5-40E9-BE72-B426374FBCEA}.Debug|x64.Deploy.0 = Debug|Any CPU
		{389D57B1-85A5-40E9-BE72-B426374FBCEA}.Debug|x86.ActiveCfg = Debug|Any CPU
		{389D57B1-85A5-40E9-BE72-B426374FBCEA}.Debug|x86.Build.0 = Debug|Any CPU
		{389D57B1-85A5-40E9-BE72-B426374FBCEA}.Debug|x86.Deploy.0 = Debug|Any CPU
		{389D57B1-85A5-40E9-BE72-B426374FBCEA}.Release|Any CPU.ActiveCfg = Release|Any CPU
		{389D57B1-85A5-40E9-BE72-B426374FBCEA}.Release|Any CPU.Build.0 = Release|Any CPU
		{389D57B1-85A5-40E9-BE72-B426374FBCEA}.Release|Any CPU.Deploy.0 = Release|Any CPU
		{389D57B1-85A5-40E9-BE72-B426374FBCEA}.Release|ARM.ActiveCfg = Release|Any CPU
		{389D57B1-85A5-40E9-BE72-B426374FBCEA}.Release|ARM.Build.0 = Release|Any CPU
		{389D57B1-85A5-40E9-BE72-B426374FBCEA}.Release|ARM.Deploy.0 = Release|Any CPU
		{389D57B1-85A5-40E9-BE72-B426374FBCEA}.Release|iPhone.ActiveCfg = Release|Any CPU
		{389D57B1-85A5-40E9-BE72-B426374FBCEA}.Release|iPhone.Build.0 = Release|Any CPU
		{389D57B1-85A5-40E9-BE72-B426374FBCEA}.Release|iPhone.Deploy.0 = Release|Any CPU
		{389D57B1-85A5-40E9-BE72-B426374FBCEA}.Release|iPhoneSimulator.ActiveCfg = Release|Any CPU
		{389D57B1-85A5-40E9-BE72-B426374FBCEA}.Release|iPhoneSimulator.Build.0 = Release|Any CPU
		{389D57B1-85A5-40E9-BE72-B426374FBCEA}.Release|iPhoneSimulator.Deploy.0 = Release|Any CPU
		{389D57B1-85A5-40E9-BE72-B426374FBCEA}.Release|x64.ActiveCfg = Release|Any CPU
		{389D57B1-85A5-40E9-BE72-B426374FBCEA}.Release|x64.Build.0 = Release|Any CPU
		{389D57B1-85A5-40E9-BE72-B426374FBCEA}.Release|x64.Deploy.0 = Release|Any CPU
		{389D57B1-85A5-40E9-BE72-B426374FBCEA}.Release|x86.ActiveCfg = Release|Any CPU
		{389D57B1-85A5-40E9-BE72-B426374FBCEA}.Release|x86.Build.0 = Release|Any CPU
		{389D57B1-85A5-40E9-BE72-B426374FBCEA}.Release|x86.Deploy.0 = Release|Any CPU
		{AE2F155D-BF5B-4245-9212-B8FE208178B0}.Ad-Hoc|Any CPU.ActiveCfg = Ad-Hoc|iPhone
		{AE2F155D-BF5B-4245-9212-B8FE208178B0}.Ad-Hoc|Any CPU.Build.0 = Ad-Hoc|iPhone
		{AE2F155D-BF5B-4245-9212-B8FE208178B0}.Ad-Hoc|Any CPU.Deploy.0 = Ad-Hoc|iPhone
		{AE2F155D-BF5B-4245-9212-B8FE208178B0}.Ad-Hoc|ARM.ActiveCfg = Ad-Hoc|iPhone
		{AE2F155D-BF5B-4245-9212-B8FE208178B0}.Ad-Hoc|ARM.Build.0 = Ad-Hoc|iPhone
		{AE2F155D-BF5B-4245-9212-B8FE208178B0}.Ad-Hoc|ARM.Deploy.0 = Ad-Hoc|iPhone
		{AE2F155D-BF5B-4245-9212-B8FE208178B0}.Ad-Hoc|iPhone.ActiveCfg = Ad-Hoc|iPhone
		{AE2F155D-BF5B-4245-9212-B8FE208178B0}.Ad-Hoc|iPhone.Build.0 = Ad-Hoc|iPhone
		{AE2F155D-BF5B-4245-9212-B8FE208178B0}.Ad-Hoc|iPhone.Deploy.0 = Ad-Hoc|iPhone
		{AE2F155D-BF5B-4245-9212-B8FE208178B0}.Ad-Hoc|iPhoneSimulator.ActiveCfg = Ad-Hoc|iPhoneSimulator
		{AE2F155D-BF5B-4245-9212-B8FE208178B0}.Ad-Hoc|iPhoneSimulator.Build.0 = Ad-Hoc|iPhoneSimulator
		{AE2F155D-BF5B-4245-9212-B8FE208178B0}.Ad-Hoc|iPhoneSimulator.Deploy.0 = Ad-Hoc|iPhoneSimulator
		{AE2F155D-BF5B-4245-9212-B8FE208178B0}.Ad-Hoc|x64.ActiveCfg = Ad-Hoc|iPhone
		{AE2F155D-BF5B-4245-9212-B8FE208178B0}.Ad-Hoc|x64.Build.0 = Ad-Hoc|iPhone
		{AE2F155D-BF5B-4245-9212-B8FE208178B0}.Ad-Hoc|x64.Deploy.0 = Ad-Hoc|iPhone
		{AE2F155D-BF5B-4245-9212-B8FE208178B0}.Ad-Hoc|x86.ActiveCfg = Ad-Hoc|iPhone
		{AE2F155D-BF5B-4245-9212-B8FE208178B0}.Ad-Hoc|x86.Build.0 = Ad-Hoc|iPhone
		{AE2F155D-BF5B-4245-9212-B8FE208178B0}.Ad-Hoc|x86.Deploy.0 = Ad-Hoc|iPhone
		{AE2F155D-BF5B-4245-9212-B8FE208178B0}.AppStore|Any CPU.ActiveCfg = AppStore|iPhone
		{AE2F155D-BF5B-4245-9212-B8FE208178B0}.AppStore|Any CPU.Build.0 = AppStore|iPhone
		{AE2F155D-BF5B-4245-9212-B8FE208178B0}.AppStore|Any CPU.Deploy.0 = AppStore|iPhone
		{AE2F155D-BF5B-4245-9212-B8FE208178B0}.AppStore|ARM.ActiveCfg = AppStore|iPhone
		{AE2F155D-BF5B-4245-9212-B8FE208178B0}.AppStore|ARM.Build.0 = AppStore|iPhone
		{AE2F155D-BF5B-4245-9212-B8FE208178B0}.AppStore|ARM.Deploy.0 = AppStore|iPhone
		{AE2F155D-BF5B-4245-9212-B8FE208178B0}.AppStore|iPhone.ActiveCfg = AppStore|iPhone
		{AE2F155D-BF5B-4245-9212-B8FE208178B0}.AppStore|iPhone.Build.0 = AppStore|iPhone
		{AE2F155D-BF5B-4245-9212-B8FE208178B0}.AppStore|iPhone.Deploy.0 = AppStore|iPhone
		{AE2F155D-BF5B-4245-9212-B8FE208178B0}.AppStore|iPhoneSimulator.ActiveCfg = AppStore|iPhoneSimulator
		{AE2F155D-BF5B-4245-9212-B8FE208178B0}.AppStore|iPhoneSimulator.Build.0 = AppStore|iPhoneSimulator
		{AE2F155D-BF5B-4245-9212-B8FE208178B0}.AppStore|iPhoneSimulator.Deploy.0 = AppStore|iPhoneSimulator
		{AE2F155D-BF5B-4245-9212-B8FE208178B0}.AppStore|x64.ActiveCfg = AppStore|iPhone
		{AE2F155D-BF5B-4245-9212-B8FE208178B0}.AppStore|x64.Build.0 = AppStore|iPhone
		{AE2F155D-BF5B-4245-9212-B8FE208178B0}.AppStore|x64.Deploy.0 = AppStore|iPhone
		{AE2F155D-BF5B-4245-9212-B8FE208178B0}.AppStore|x86.ActiveCfg = AppStore|iPhone
		{AE2F155D-BF5B-4245-9212-B8FE208178B0}.AppStore|x86.Build.0 = AppStore|iPhone
		{AE2F155D-BF5B-4245-9212-B8FE208178B0}.AppStore|x86.Deploy.0 = AppStore|iPhone
		{AE2F155D-BF5B-4245-9212-B8FE208178B0}.Debug|Any CPU.ActiveCfg = Debug|iPhoneSimulator
		{AE2F155D-BF5B-4245-9212-B8FE208178B0}.Debug|Any CPU.Build.0 = Debug|iPhoneSimulator
		{AE2F155D-BF5B-4245-9212-B8FE208178B0}.Debug|Any CPU.Deploy.0 = Debug|iPhoneSimulator
		{AE2F155D-BF5B-4245-9212-B8FE208178B0}.Debug|ARM.ActiveCfg = Debug|iPhone
		{AE2F155D-BF5B-4245-9212-B8FE208178B0}.Debug|ARM.Build.0 = Debug|iPhone
		{AE2F155D-BF5B-4245-9212-B8FE208178B0}.Debug|ARM.Deploy.0 = Debug|iPhone
		{AE2F155D-BF5B-4245-9212-B8FE208178B0}.Debug|iPhone.ActiveCfg = Debug|iPhone
		{AE2F155D-BF5B-4245-9212-B8FE208178B0}.Debug|iPhone.Build.0 = Debug|iPhone
		{AE2F155D-BF5B-4245-9212-B8FE208178B0}.Debug|iPhone.Deploy.0 = Debug|iPhone
		{AE2F155D-BF5B-4245-9212-B8FE208178B0}.Debug|iPhoneSimulator.ActiveCfg = Debug|iPhoneSimulator
		{AE2F155D-BF5B-4245-9212-B8FE208178B0}.Debug|iPhoneSimulator.Build.0 = Debug|iPhoneSimulator
		{AE2F155D-BF5B-4245-9212-B8FE208178B0}.Debug|iPhoneSimulator.Deploy.0 = Debug|iPhoneSimulator
		{AE2F155D-BF5B-4245-9212-B8FE208178B0}.Debug|x64.ActiveCfg = Debug|iPhone
		{AE2F155D-BF5B-4245-9212-B8FE208178B0}.Debug|x64.Build.0 = Debug|iPhone
		{AE2F155D-BF5B-4245-9212-B8FE208178B0}.Debug|x64.Deploy.0 = Debug|iPhone
		{AE2F155D-BF5B-4245-9212-B8FE208178B0}.Debug|x86.ActiveCfg = Debug|iPhone
		{AE2F155D-BF5B-4245-9212-B8FE208178B0}.Debug|x86.Build.0 = Debug|iPhone
		{AE2F155D-BF5B-4245-9212-B8FE208178B0}.Debug|x86.Deploy.0 = Debug|iPhone
		{AE2F155D-BF5B-4245-9212-B8FE208178B0}.Release|Any CPU.ActiveCfg = Release|iPhone
		{AE2F155D-BF5B-4245-9212-B8FE208178B0}.Release|Any CPU.Build.0 = Release|iPhone
		{AE2F155D-BF5B-4245-9212-B8FE208178B0}.Release|Any CPU.Deploy.0 = Release|iPhone
		{AE2F155D-BF5B-4245-9212-B8FE208178B0}.Release|ARM.ActiveCfg = Release|iPhone
		{AE2F155D-BF5B-4245-9212-B8FE208178B0}.Release|ARM.Build.0 = Release|iPhone
		{AE2F155D-BF5B-4245-9212-B8FE208178B0}.Release|ARM.Deploy.0 = Release|iPhone
		{AE2F155D-BF5B-4245-9212-B8FE208178B0}.Release|iPhone.ActiveCfg = Release|iPhone
		{AE2F155D-BF5B-4245-9212-B8FE208178B0}.Release|iPhone.Build.0 = Release|iPhone
		{AE2F155D-BF5B-4245-9212-B8FE208178B0}.Release|iPhone.Deploy.0 = Release|iPhone
		{AE2F155D-BF5B-4245-9212-B8FE208178B0}.Release|iPhoneSimulator.ActiveCfg = Release|iPhoneSimulator
		{AE2F155D-BF5B-4245-9212-B8FE208178B0}.Release|iPhoneSimulator.Build.0 = Release|iPhoneSimulator
		{AE2F155D-BF5B-4245-9212-B8FE208178B0}.Release|iPhoneSimulator.Deploy.0 = Release|iPhoneSimulator
		{AE2F155D-BF5B-4245-9212-B8FE208178B0}.Release|x64.ActiveCfg = Release|iPhone
		{AE2F155D-BF5B-4245-9212-B8FE208178B0}.Release|x64.Build.0 = Release|iPhone
		{AE2F155D-BF5B-4245-9212-B8FE208178B0}.Release|x64.Deploy.0 = Release|iPhone
		{AE2F155D-BF5B-4245-9212-B8FE208178B0}.Release|x86.ActiveCfg = Release|iPhone
		{AE2F155D-BF5B-4245-9212-B8FE208178B0}.Release|x86.Build.0 = Release|iPhone
		{AE2F155D-BF5B-4245-9212-B8FE208178B0}.Release|x86.Deploy.0 = Release|iPhone
		{9FBA47B3-B87F-4244-A1E4-3ED5AC6F0BA0}.Ad-Hoc|Any CPU.ActiveCfg = Release|x86
		{9FBA47B3-B87F-4244-A1E4-3ED5AC6F0BA0}.Ad-Hoc|Any CPU.Build.0 = Release|x86
		{9FBA47B3-B87F-4244-A1E4-3ED5AC6F0BA0}.Ad-Hoc|Any CPU.Deploy.0 = Release|x86
		{9FBA47B3-B87F-4244-A1E4-3ED5AC6F0BA0}.Ad-Hoc|ARM.ActiveCfg = Release|ARM
		{9FBA47B3-B87F-4244-A1E4-3ED5AC6F0BA0}.Ad-Hoc|ARM.Build.0 = Release|ARM
		{9FBA47B3-B87F-4244-A1E4-3ED5AC6F0BA0}.Ad-Hoc|ARM.Deploy.0 = Release|ARM
		{9FBA47B3-B87F-4244-A1E4-3ED5AC6F0BA0}.Ad-Hoc|iPhone.ActiveCfg = Release|x86
		{9FBA47B3-B87F-4244-A1E4-3ED5AC6F0BA0}.Ad-Hoc|iPhone.Build.0 = Release|x86
		{9FBA47B3-B87F-4244-A1E4-3ED5AC6F0BA0}.Ad-Hoc|iPhone.Deploy.0 = Release|x86
		{9FBA47B3-B87F-4244-A1E4-3ED5AC6F0BA0}.Ad-Hoc|iPhoneSimulator.ActiveCfg = Release|x86
		{9FBA47B3-B87F-4244-A1E4-3ED5AC6F0BA0}.Ad-Hoc|iPhoneSimulator.Build.0 = Release|x86
		{9FBA47B3-B87F-4244-A1E4-3ED5AC6F0BA0}.Ad-Hoc|iPhoneSimulator.Deploy.0 = Release|x86
		{9FBA47B3-B87F-4244-A1E4-3ED5AC6F0BA0}.Ad-Hoc|x64.ActiveCfg = Release|x64
		{9FBA47B3-B87F-4244-A1E4-3ED5AC6F0BA0}.Ad-Hoc|x64.Build.0 = Release|x64
		{9FBA47B3-B87F-4244-A1E4-3ED5AC6F0BA0}.Ad-Hoc|x64.Deploy.0 = Release|x64
		{9FBA47B3-B87F-4244-A1E4-3ED5AC6F0BA0}.Ad-Hoc|x86.ActiveCfg = Release|x86
		{9FBA47B3-B87F-4244-A1E4-3ED5AC6F0BA0}.Ad-Hoc|x86.Build.0 = Release|x86
		{9FBA47B3-B87F-4244-A1E4-3ED5AC6F0BA0}.Ad-Hoc|x86.Deploy.0 = Release|x86
		{9FBA47B3-B87F-4244-A1E4-3ED5AC6F0BA0}.AppStore|Any CPU.ActiveCfg = Release|x86
		{9FBA47B3-B87F-4244-A1E4-3ED5AC6F0BA0}.AppStore|Any CPU.Build.0 = Release|x86
		{9FBA47B3-B87F-4244-A1E4-3ED5AC6F0BA0}.AppStore|Any CPU.Deploy.0 = Release|x86
		{9FBA47B3-B87F-4244-A1E4-3ED5AC6F0BA0}.AppStore|ARM.ActiveCfg = Release|ARM
		{9FBA47B3-B87F-4244-A1E4-3ED5AC6F0BA0}.AppStore|ARM.Build.0 = Release|ARM
		{9FBA47B3-B87F-4244-A1E4-3ED5AC6F0BA0}.AppStore|ARM.Deploy.0 = Release|ARM
		{9FBA47B3-B87F-4244-A1E4-3ED5AC6F0BA0}.AppStore|iPhone.ActiveCfg = Release|x86
		{9FBA47B3-B87F-4244-A1E4-3ED5AC6F0BA0}.AppStore|iPhone.Build.0 = Release|x86
		{9FBA47B3-B87F-4244-A1E4-3ED5AC6F0BA0}.AppStore|iPhone.Deploy.0 = Release|x86
		{9FBA47B3-B87F-4244-A1E4-3ED5AC6F0BA0}.AppStore|iPhoneSimulator.ActiveCfg = Release|x86
		{9FBA47B3-B87F-4244-A1E4-3ED5AC6F0BA0}.AppStore|iPhoneSimulator.Build.0 = Release|x86
		{9FBA47B3-B87F-4244-A1E4-3ED5AC6F0BA0}.AppStore|iPhoneSimulator.Deploy.0 = Release|x86
		{9FBA47B3-B87F-4244-A1E4-3ED5AC6F0BA0}.AppStore|x64.ActiveCfg = Release|x64
		{9FBA47B3-B87F-4244-A1E4-3ED5AC6F0BA0}.AppStore|x64.Build.0 = Release|x64
		{9FBA47B3-B87F-4244-A1E4-3ED5AC6F0BA0}.AppStore|x64.Deploy.0 = Release|x64
		{9FBA47B3-B87F-4244-A1E4-3ED5AC6F0BA0}.AppStore|x86.ActiveCfg = Release|x86
		{9FBA47B3-B87F-4244-A1E4-3ED5AC6F0BA0}.AppStore|x86.Build.0 = Release|x86
		{9FBA47B3-B87F-4244-A1E4-3ED5AC6F0BA0}.AppStore|x86.Deploy.0 = Release|x86
		{9FBA47B3-B87F-4244-A1E4-3ED5AC6F0BA0}.Debug|Any CPU.ActiveCfg = Debug|x86
		{9FBA47B3-B87F-4244-A1E4-3ED5AC6F0BA0}.Debug|Any CPU.Build.0 = Debug|x86
		{9FBA47B3-B87F-4244-A1E4-3ED5AC6F0BA0}.Debug|Any CPU.Deploy.0 = Debug|x86
		{9FBA47B3-B87F-4244-A1E4-3ED5AC6F0BA0}.Debug|ARM.ActiveCfg = Debug|ARM
		{9FBA47B3-B87F-4244-A1E4-3ED5AC6F0BA0}.Debug|ARM.Build.0 = Debug|ARM
		{9FBA47B3-B87F-4244-A1E4-3ED5AC6F0BA0}.Debug|ARM.Deploy.0 = Debug|ARM
		{9FBA47B3-B87F-4244-A1E4-3ED5AC6F0BA0}.Debug|iPhone.ActiveCfg = Debug|x86
		{9FBA47B3-B87F-4244-A1E4-3ED5AC6F0BA0}.Debug|iPhone.Build.0 = Debug|x86
		{9FBA47B3-B87F-4244-A1E4-3ED5AC6F0BA0}.Debug|iPhone.Deploy.0 = Debug|x86
		{9FBA47B3-B87F-4244-A1E4-3ED5AC6F0BA0}.Debug|iPhoneSimulator.ActiveCfg = Debug|x86
		{9FBA47B3-B87F-4244-A1E4-3ED5AC6F0BA0}.Debug|iPhoneSimulator.Build.0 = Debug|x86
		{9FBA47B3-B87F-4244-A1E4-3ED5AC6F0BA0}.Debug|iPhoneSimulator.Deploy.0 = Debug|x86
		{9FBA47B3-B87F-4244-A1E4-3ED5AC6F0BA0}.Debug|x64.ActiveCfg = Debug|x64
		{9FBA47B3-B87F-4244-A1E4-3ED5AC6F0BA0}.Debug|x64.Build.0 = Debug|x64
		{9FBA47B3-B87F-4244-A1E4-3ED5AC6F0BA0}.Debug|x64.Deploy.0 = Debug|x64
		{9FBA47B3-B87F-4244-A1E4-3ED5AC6F0BA0}.Debug|x86.ActiveCfg = Debug|x86
		{9FBA47B3-B87F-4244-A1E4-3ED5AC6F0BA0}.Debug|x86.Build.0 = Debug|x86
		{9FBA47B3-B87F-4244-A1E4-3ED5AC6F0BA0}.Debug|x86.Deploy.0 = Debug|x86
		{9FBA47B3-B87F-4244-A1E4-3ED5AC6F0BA0}.Release|Any CPU.ActiveCfg = Release|x86
		{9FBA47B3-B87F-4244-A1E4-3ED5AC6F0BA0}.Release|Any CPU.Build.0 = Release|x86
		{9FBA47B3-B87F-4244-A1E4-3ED5AC6F0BA0}.Release|Any CPU.Deploy.0 = Release|x86
		{9FBA47B3-B87F-4244-A1E4-3ED5AC6F0BA0}.Release|ARM.ActiveCfg = Release|ARM
		{9FBA47B3-B87F-4244-A1E4-3ED5AC6F0BA0}.Release|ARM.Build.0 = Release|ARM
		{9FBA47B3-B87F-4244-A1E4-3ED5AC6F0BA0}.Release|ARM.Deploy.0 = Release|ARM
		{9FBA47B3-B87F-4244-A1E4-3ED5AC6F0BA0}.Release|iPhone.ActiveCfg = Release|x86
		{9FBA47B3-B87F-4244-A1E4-3ED5AC6F0BA0}.Release|iPhone.Build.0 = Release|x86
		{9FBA47B3-B87F-4244-A1E4-3ED5AC6F0BA0}.Release|iPhone.Deploy.0 = Release|x86
		{9FBA47B3-B87F-4244-A1E4-3ED5AC6F0BA0}.Release|iPhoneSimulator.ActiveCfg = Release|x86
		{9FBA47B3-B87F-4244-A1E4-3ED5AC6F0BA0}.Release|iPhoneSimulator.Build.0 = Release|x86
		{9FBA47B3-B87F-4244-A1E4-3ED5AC6F0BA0}.Release|iPhoneSimulator.Deploy.0 = Release|x86
		{9FBA47B3-B87F-4244-A1E4-3ED5AC6F0BA0}.Release|x64.ActiveCfg = Release|x64
		{9FBA47B3-B87F-4244-A1E4-3ED5AC6F0BA0}.Release|x64.Build.0 = Release|x64
		{9FBA47B3-B87F-4244-A1E4-3ED5AC6F0BA0}.Release|x64.Deploy.0 = Release|x64
		{9FBA47B3-B87F-4244-A1E4-3ED5AC6F0BA0}.Release|x86.ActiveCfg = Release|x86
		{9FBA47B3-B87F-4244-A1E4-3ED5AC6F0BA0}.Release|x86.Build.0 = Release|x86
		{9FBA47B3-B87F-4244-A1E4-3ED5AC6F0BA0}.Release|x86.Deploy.0 = Release|x86
		{89F31662-14C2-4A29-B481-B70754FB9BE5}.Ad-Hoc|Any CPU.ActiveCfg = Debug|Any CPU
		{89F31662-14C2-4A29-B481-B70754FB9BE5}.Ad-Hoc|Any CPU.Build.0 = Debug|Any CPU
		{89F31662-14C2-4A29-B481-B70754FB9BE5}.Ad-Hoc|Any CPU.Deploy.0 = Debug|Any CPU
		{89F31662-14C2-4A29-B481-B70754FB9BE5}.Ad-Hoc|ARM.ActiveCfg = Debug|Any CPU
		{89F31662-14C2-4A29-B481-B70754FB9BE5}.Ad-Hoc|ARM.Build.0 = Debug|Any CPU
		{89F31662-14C2-4A29-B481-B70754FB9BE5}.Ad-Hoc|ARM.Deploy.0 = Debug|Any CPU
		{89F31662-14C2-4A29-B481-B70754FB9BE5}.Ad-Hoc|iPhone.ActiveCfg = Debug|Any CPU
		{89F31662-14C2-4A29-B481-B70754FB9BE5}.Ad-Hoc|iPhone.Build.0 = Debug|Any CPU
		{89F31662-14C2-4A29-B481-B70754FB9BE5}.Ad-Hoc|iPhone.Deploy.0 = Debug|Any CPU
		{89F31662-14C2-4A29-B481-B70754FB9BE5}.Ad-Hoc|iPhoneSimulator.ActiveCfg = Debug|Any CPU
		{89F31662-14C2-4A29-B481-B70754FB9BE5}.Ad-Hoc|iPhoneSimulator.Build.0 = Debug|Any CPU
		{89F31662-14C2-4A29-B481-B70754FB9BE5}.Ad-Hoc|iPhoneSimulator.Deploy.0 = Debug|Any CPU
		{89F31662-14C2-4A29-B481-B70754FB9BE5}.Ad-Hoc|x64.ActiveCfg = Debug|Any CPU
		{89F31662-14C2-4A29-B481-B70754FB9BE5}.Ad-Hoc|x64.Build.0 = Debug|Any CPU
		{89F31662-14C2-4A29-B481-B70754FB9BE5}.Ad-Hoc|x64.Deploy.0 = Debug|Any CPU
		{89F31662-14C2-4A29-B481-B70754FB9BE5}.Ad-Hoc|x86.ActiveCfg = Debug|Any CPU
		{89F31662-14C2-4A29-B481-B70754FB9BE5}.Ad-Hoc|x86.Build.0 = Debug|Any CPU
		{89F31662-14C2-4A29-B481-B70754FB9BE5}.Ad-Hoc|x86.Deploy.0 = Debug|Any CPU
		{89F31662-14C2-4A29-B481-B70754FB9BE5}.AppStore|Any CPU.ActiveCfg = Debug|Any CPU
		{89F31662-14C2-4A29-B481-B70754FB9BE5}.AppStore|Any CPU.Build.0 = Debug|Any CPU
		{89F31662-14C2-4A29-B481-B70754FB9BE5}.AppStore|Any CPU.Deploy.0 = Debug|Any CPU
		{89F31662-14C2-4A29-B481-B70754FB9BE5}.AppStore|ARM.ActiveCfg = Debug|Any CPU
		{89F31662-14C2-4A29-B481-B70754FB9BE5}.AppStore|ARM.Build.0 = Debug|Any CPU
		{89F31662-14C2-4A29-B481-B70754FB9BE5}.AppStore|ARM.Deploy.0 = Debug|Any CPU
		{89F31662-14C2-4A29-B481-B70754FB9BE5}.AppStore|iPhone.ActiveCfg = Debug|Any CPU
		{89F31662-14C2-4A29-B481-B70754FB9BE5}.AppStore|iPhone.Build.0 = Debug|Any CPU
		{89F31662-14C2-4A29-B481-B70754FB9BE5}.AppStore|iPhone.Deploy.0 = Debug|Any CPU
		{89F31662-14C2-4A29-B481-B70754FB9BE5}.AppStore|iPhoneSimulator.ActiveCfg = Debug|Any CPU
		{89F31662-14C2-4A29-B481-B70754FB9BE5}.AppStore|iPhoneSimulator.Build.0 = Debug|Any CPU
		{89F31662-14C2-4A29-B481-B70754FB9BE5}.AppStore|iPhoneSimulator.Deploy.0 = Debug|Any CPU
		{89F31662-14C2-4A29-B481-B70754FB9BE5}.AppStore|x64.ActiveCfg = Debug|Any CPU
		{89F31662-14C2-4A29-B481-B70754FB9BE5}.AppStore|x64.Build.0 = Debug|Any CPU
		{89F31662-14C2-4A29-B481-B70754FB9BE5}.AppStore|x64.Deploy.0 = Debug|Any CPU
		{89F31662-14C2-4A29-B481-B70754FB9BE5}.AppStore|x86.ActiveCfg = Debug|Any CPU
		{89F31662-14C2-4A29-B481-B70754FB9BE5}.AppStore|x86.Build.0 = Debug|Any CPU
		{89F31662-14C2-4A29-B481-B70754FB9BE5}.AppStore|x86.Deploy.0 = Debug|Any CPU
		{89F31662-14C2-4A29-B481-B70754FB9BE5}.Debug|Any CPU.ActiveCfg = Debug|Any CPU
		{89F31662-14C2-4A29-B481-B70754FB9BE5}.Debug|Any CPU.Build.0 = Debug|Any CPU
		{89F31662-14C2-4A29-B481-B70754FB9BE5}.Debug|Any CPU.Deploy.0 = Debug|Any CPU
		{89F31662-14C2-4A29-B481-B70754FB9BE5}.Debug|ARM.ActiveCfg = Debug|Any CPU
		{89F31662-14C2-4A29-B481-B70754FB9BE5}.Debug|ARM.Build.0 = Debug|Any CPU
		{89F31662-14C2-4A29-B481-B70754FB9BE5}.Debug|ARM.Deploy.0 = Debug|Any CPU
		{89F31662-14C2-4A29-B481-B70754FB9BE5}.Debug|iPhone.ActiveCfg = Debug|Any CPU
		{89F31662-14C2-4A29-B481-B70754FB9BE5}.Debug|iPhone.Build.0 = Debug|Any CPU
		{89F31662-14C2-4A29-B481-B70754FB9BE5}.Debug|iPhone.Deploy.0 = Debug|Any CPU
		{89F31662-14C2-4A29-B481-B70754FB9BE5}.Debug|iPhoneSimulator.ActiveCfg = Debug|Any CPU
		{89F31662-14C2-4A29-B481-B70754FB9BE5}.Debug|iPhoneSimulator.Build.0 = Debug|Any CPU
		{89F31662-14C2-4A29-B481-B70754FB9BE5}.Debug|iPhoneSimulator.Deploy.0 = Debug|Any CPU
		{89F31662-14C2-4A29-B481-B70754FB9BE5}.Debug|x64.ActiveCfg = Debug|Any CPU
		{89F31662-14C2-4A29-B481-B70754FB9BE5}.Debug|x64.Build.0 = Debug|Any CPU
		{89F31662-14C2-4A29-B481-B70754FB9BE5}.Debug|x64.Deploy.0 = Debug|Any CPU
		{89F31662-14C2-4A29-B481-B70754FB9BE5}.Debug|x86.ActiveCfg = Debug|Any CPU
		{89F31662-14C2-4A29-B481-B70754FB9BE5}.Debug|x86.Build.0 = Debug|Any CPU
		{89F31662-14C2-4A29-B481-B70754FB9BE5}.Debug|x86.Deploy.0 = Debug|Any CPU
		{89F31662-14C2-4A29-B481-B70754FB9BE5}.Release|Any CPU.ActiveCfg = Release|Any CPU
		{89F31662-14C2-4A29-B481-B70754FB9BE5}.Release|Any CPU.Build.0 = Release|Any CPU
		{89F31662-14C2-4A29-B481-B70754FB9BE5}.Release|Any CPU.Deploy.0 = Release|Any CPU
		{89F31662-14C2-4A29-B481-B70754FB9BE5}.Release|ARM.ActiveCfg = Release|Any CPU
		{89F31662-14C2-4A29-B481-B70754FB9BE5}.Release|ARM.Build.0 = Release|Any CPU
		{89F31662-14C2-4A29-B481-B70754FB9BE5}.Release|ARM.Deploy.0 = Release|Any CPU
		{89F31662-14C2-4A29-B481-B70754FB9BE5}.Release|iPhone.ActiveCfg = Release|Any CPU
		{89F31662-14C2-4A29-B481-B70754FB9BE5}.Release|iPhone.Build.0 = Release|Any CPU
		{89F31662-14C2-4A29-B481-B70754FB9BE5}.Release|iPhone.Deploy.0 = Release|Any CPU
		{89F31662-14C2-4A29-B481-B70754FB9BE5}.Release|iPhoneSimulator.ActiveCfg = Release|Any CPU
		{89F31662-14C2-4A29-B481-B70754FB9BE5}.Release|iPhoneSimulator.Build.0 = Release|Any CPU
		{89F31662-14C2-4A29-B481-B70754FB9BE5}.Release|iPhoneSimulator.Deploy.0 = Release|Any CPU
		{89F31662-14C2-4A29-B481-B70754FB9BE5}.Release|x64.ActiveCfg = Release|Any CPU
		{89F31662-14C2-4A29-B481-B70754FB9BE5}.Release|x64.Build.0 = Release|Any CPU
		{89F31662-14C2-4A29-B481-B70754FB9BE5}.Release|x64.Deploy.0 = Release|Any CPU
		{89F31662-14C2-4A29-B481-B70754FB9BE5}.Release|x86.ActiveCfg = Release|Any CPU
		{89F31662-14C2-4A29-B481-B70754FB9BE5}.Release|x86.Build.0 = Release|Any CPU
		{89F31662-14C2-4A29-B481-B70754FB9BE5}.Release|x86.Deploy.0 = Release|Any CPU
		{EF837932-9B70-40D7-B73A-92A002471E1D}.Ad-Hoc|Any CPU.ActiveCfg = Debug|Any CPU
		{EF837932-9B70-40D7-B73A-92A002471E1D}.Ad-Hoc|Any CPU.Build.0 = Debug|Any CPU
		{EF837932-9B70-40D7-B73A-92A002471E1D}.Ad-Hoc|ARM.ActiveCfg = Debug|Any CPU
		{EF837932-9B70-40D7-B73A-92A002471E1D}.Ad-Hoc|ARM.Build.0 = Debug|Any CPU
		{EF837932-9B70-40D7-B73A-92A002471E1D}.Ad-Hoc|iPhone.ActiveCfg = Debug|Any CPU
		{EF837932-9B70-40D7-B73A-92A002471E1D}.Ad-Hoc|iPhone.Build.0 = Debug|Any CPU
		{EF837932-9B70-40D7-B73A-92A002471E1D}.Ad-Hoc|iPhoneSimulator.ActiveCfg = Debug|Any CPU
		{EF837932-9B70-40D7-B73A-92A002471E1D}.Ad-Hoc|iPhoneSimulator.Build.0 = Debug|Any CPU
		{EF837932-9B70-40D7-B73A-92A002471E1D}.Ad-Hoc|x64.ActiveCfg = Debug|Any CPU
		{EF837932-9B70-40D7-B73A-92A002471E1D}.Ad-Hoc|x64.Build.0 = Debug|Any CPU
		{EF837932-9B70-40D7-B73A-92A002471E1D}.Ad-Hoc|x86.ActiveCfg = Debug|Any CPU
		{EF837932-9B70-40D7-B73A-92A002471E1D}.Ad-Hoc|x86.Build.0 = Debug|Any CPU
		{EF837932-9B70-40D7-B73A-92A002471E1D}.AppStore|Any CPU.ActiveCfg = Debug|Any CPU
		{EF837932-9B70-40D7-B73A-92A002471E1D}.AppStore|Any CPU.Build.0 = Debug|Any CPU
		{EF837932-9B70-40D7-B73A-92A002471E1D}.AppStore|ARM.ActiveCfg = Debug|Any CPU
		{EF837932-9B70-40D7-B73A-92A002471E1D}.AppStore|ARM.Build.0 = Debug|Any CPU
		{EF837932-9B70-40D7-B73A-92A002471E1D}.AppStore|iPhone.ActiveCfg = Debug|Any CPU
		{EF837932-9B70-40D7-B73A-92A002471E1D}.AppStore|iPhone.Build.0 = Debug|Any CPU
		{EF837932-9B70-40D7-B73A-92A002471E1D}.AppStore|iPhoneSimulator.ActiveCfg = Debug|Any CPU
		{EF837932-9B70-40D7-B73A-92A002471E1D}.AppStore|iPhoneSimulator.Build.0 = Debug|Any CPU
		{EF837932-9B70-40D7-B73A-92A002471E1D}.AppStore|x64.ActiveCfg = Debug|Any CPU
		{EF837932-9B70-40D7-B73A-92A002471E1D}.AppStore|x64.Build.0 = Debug|Any CPU
		{EF837932-9B70-40D7-B73A-92A002471E1D}.AppStore|x86.ActiveCfg = Debug|Any CPU
		{EF837932-9B70-40D7-B73A-92A002471E1D}.AppStore|x86.Build.0 = Debug|Any CPU
		{EF837932-9B70-40D7-B73A-92A002471E1D}.Debug|Any CPU.ActiveCfg = Debug|Any CPU
		{EF837932-9B70-40D7-B73A-92A002471E1D}.Debug|Any CPU.Build.0 = Debug|Any CPU
		{EF837932-9B70-40D7-B73A-92A002471E1D}.Debug|ARM.ActiveCfg = Debug|Any CPU
		{EF837932-9B70-40D7-B73A-92A002471E1D}.Debug|ARM.Build.0 = Debug|Any CPU
		{EF837932-9B70-40D7-B73A-92A002471E1D}.Debug|iPhone.ActiveCfg = Debug|Any CPU
		{EF837932-9B70-40D7-B73A-92A002471E1D}.Debug|iPhone.Build.0 = Debug|Any CPU
		{EF837932-9B70-40D7-B73A-92A002471E1D}.Debug|iPhoneSimulator.ActiveCfg = Debug|Any CPU
		{EF837932-9B70-40D7-B73A-92A002471E1D}.Debug|iPhoneSimulator.Build.0 = Debug|Any CPU
		{EF837932-9B70-40D7-B73A-92A002471E1D}.Debug|x64.ActiveCfg = Debug|Any CPU
		{EF837932-9B70-40D7-B73A-92A002471E1D}.Debug|x64.Build.0 = Debug|Any CPU
		{EF837932-9B70-40D7-B73A-92A002471E1D}.Debug|x86.ActiveCfg = Debug|Any CPU
		{EF837932-9B70-40D7-B73A-92A002471E1D}.Debug|x86.Build.0 = Debug|Any CPU
		{EF837932-9B70-40D7-B73A-92A002471E1D}.Release|Any CPU.ActiveCfg = Release|Any CPU
		{EF837932-9B70-40D7-B73A-92A002471E1D}.Release|Any CPU.Build.0 = Release|Any CPU
		{EF837932-9B70-40D7-B73A-92A002471E1D}.Release|ARM.ActiveCfg = Release|Any CPU
		{EF837932-9B70-40D7-B73A-92A002471E1D}.Release|ARM.Build.0 = Release|Any CPU
		{EF837932-9B70-40D7-B73A-92A002471E1D}.Release|iPhone.ActiveCfg = Release|Any CPU
		{EF837932-9B70-40D7-B73A-92A002471E1D}.Release|iPhone.Build.0 = Release|Any CPU
		{EF837932-9B70-40D7-B73A-92A002471E1D}.Release|iPhoneSimulator.ActiveCfg = Release|Any CPU
		{EF837932-9B70-40D7-B73A-92A002471E1D}.Release|iPhoneSimulator.Build.0 = Release|Any CPU
		{EF837932-9B70-40D7-B73A-92A002471E1D}.Release|x64.ActiveCfg = Release|Any CPU
		{EF837932-9B70-40D7-B73A-92A002471E1D}.Release|x64.Build.0 = Release|Any CPU
		{EF837932-9B70-40D7-B73A-92A002471E1D}.Release|x86.ActiveCfg = Release|Any CPU
		{EF837932-9B70-40D7-B73A-92A002471E1D}.Release|x86.Build.0 = Release|Any CPU
	EndGlobalSection
	GlobalSection(SolutionProperties) = preSolution
		HideSolutionNode = FALSE
	EndGlobalSection
	GlobalSection(ExtensibilityGlobals) = postSolution
		SolutionGuid = {4DD0123D-1E20-4ACD-B1A4-F57AFABFA35E}
	EndGlobalSection
EndGlobal
